
Microsoft Visual Studio Solution File, Format Version 12.00
# Visual Studio Version 17
VisualStudioVersion = 17.13.35931.197 d17.13
MinimumVisualStudioVersion = 10.0.40219.1
Project("{FAE04EC0-301F-11D3-BF4B-00C04F79EFBC}") = "PaymentApp", "PaymentApp\PaymentApp.csproj", "{D054FE8E-0822-4B81-905F-3E81D8716133}"
EndProject
Global
	GlobalSection(SolutionConfigurationPlatforms) = preSolution
		Debug|Any CPU = Debug|Any CPU
		Release|Any CPU = Release|Any CPU
	EndGlobalSection
	GlobalSection(ProjectConfigurationPlatforms) = postSolution
		{D054FE8E-0822-4B81-905F-3E81D8716133}.Debug|Any CPU.ActiveCfg = Debug|Any CPU
		{D054FE8E-0822-4B81-905F-3E81D8716133}.Debug|Any CPU.Build.0 = Debug|Any CPU
		{D054FE8E-0822-4B81-905F-3E81D8716133}.Release|Any CPU.ActiveCfg = Release|Any CPU
		{D054FE8E-0822-4B81-905F-3E81D8716133}.Release|Any CPU.Build.0 = Release|Any CPU
	EndGlobalSection
	GlobalSection(SolutionProperties) = preSolution
		HideSolutionNode = FALSE
	EndGlobalSection
	GlobalSection(ExtensibilityGlobals) = postSolution
		SolutionGuid = {D752D12F-DFF3-43B2-B93F-7CAA0AACE9C6}
	EndGlobalSection
EndGlobal
